// !$*UTF8*$!
{
	archiveVersion = 1;
	classes = {
	};
	objectVersion = 50;
	objects = {

/* Begin PBXBuildFile section */
		6758A83E24A4A9D300950415 /* AppDelegate.swift in Sources */ = {isa = PBXBuildFile; fileRef = 6758A83D24A4A9D300950415 /* AppDelegate.swift */; };
		6758A84024A4A9D300950415 /* SceneDelegate.swift in Sources */ = {isa = PBXBuildFile; fileRef = 6758A83F24A4A9D300950415 /* SceneDelegate.swift */; };
		6758A84224A4A9D300950415 /* CalculatorLayout1.swift in Sources */ = {isa = PBXBuildFile; fileRef = 6758A84124A4A9D300950415 /* CalculatorLayout1.swift */; };
		6758A84424A4A9D600950415 /* Assets.xcassets in Resources */ = {isa = PBXBuildFile; fileRef = 6758A84324A4A9D600950415 /* Assets.xcassets */; };
		6758A84724A4A9D600950415 /* Preview Assets.xcassets in Resources */ = {isa = PBXBuildFile; fileRef = 6758A84624A4A9D600950415 /* Preview Assets.xcassets */; };
		6758A84A24A4A9D600950415 /* LaunchScreen.storyboard in Resources */ = {isa = PBXBuildFile; fileRef = 6758A84824A4A9D600950415 /* LaunchScreen.storyboard */; };
		67E3ABA124A62009006778B5 /* CalculatorButtonView.swift in Sources */ = {isa = PBXBuildFile; fileRef = 67E3ABA024A62009006778B5 /* CalculatorButtonView.swift */; };
		67E3ABA424A71622006778B5 /* CalculatorViewThemeable.swift in Sources */ = {isa = PBXBuildFile; fileRef = 67E3ABA324A71622006778B5 /* CalculatorViewThemeable.swift */; };
		67E3ABA724A71A74006778B5 /* CalculatorViewTheme1.swift in Sources */ = {isa = PBXBuildFile; fileRef = 67E3ABA624A71A74006778B5 /* CalculatorViewTheme1.swift */; };
		67E3ABA924A726BA006778B5 /* CalculatorViewTheme2.swift in Sources */ = {isa = PBXBuildFile; fileRef = 67E3ABA824A726BA006778B5 /* CalculatorViewTheme2.swift */; };
		67E3ABAC24A7289C006778B5 /* CalculatorButtonViewThemeable.swift in Sources */ = {isa = PBXBuildFile; fileRef = 67E3ABAB24A7289C006778B5 /* CalculatorButtonViewThemeable.swift */; };
		67E3ABAE24A72B2A006778B5 /* CalculatorButtonTheme1.swift in Sources */ = {isa = PBXBuildFile; fileRef = 67E3ABAD24A72B2A006778B5 /* CalculatorButtonTheme1.swift */; };
		67E3ABB024A72E06006778B5 /* CalculatorButtonTheme2.swift in Sources */ = {isa = PBXBuildFile; fileRef = 67E3ABAF24A72E06006778B5 /* CalculatorButtonTheme2.swift */; };
		67E3ABB524A863DF006778B5 /* MasterCalculatorView.swift in Sources */ = {isa = PBXBuildFile; fileRef = 67E3ABB424A863DF006778B5 /* MasterCalculatorView.swift */; };
		67E3ABB724A86E69006778B5 /* CalculatorViewTheme3.swift in Sources */ = {isa = PBXBuildFile; fileRef = 67E3ABB624A86E69006778B5 /* CalculatorViewTheme3.swift */; };
		67E3ABB924A87291006778B5 /* CalculatorLayout2.swift in Sources */ = {isa = PBXBuildFile; fileRef = 67E3ABB824A87291006778B5 /* CalculatorLayout2.swift */; };
		67E3ABBB24A8731D006778B5 /* CalculatorLayoutable.swift in Sources */ = {isa = PBXBuildFile; fileRef = 67E3ABBA24A8731D006778B5 /* CalculatorLayoutable.swift */; };
		67E3ABBE24A87729006778B5 /* Color.swift in Sources */ = {isa = PBXBuildFile; fileRef = 67E3ABBD24A87729006778B5 /* Color.swift */; };
/* End PBXBuildFile section */

/* Begin PBXFileReference section */
		6758A83A24A4A9D300950415 /* Calculator.app */ = {isa = PBXFileReference; explicitFileType = wrapper.application; includeInIndex = 0; path = Calculator.app; sourceTree = BUILT_PRODUCTS_DIR; };
		6758A83D24A4A9D300950415 /* AppDelegate.swift */ = {isa = PBXFileReference; lastKnownFileType = sourcecode.swift; path = AppDelegate.swift; sourceTree = "<group>"; };
		6758A83F24A4A9D300950415 /* SceneDelegate.swift */ = {isa = PBXFileReference; lastKnownFileType = sourcecode.swift; path = SceneDelegate.swift; sourceTree = "<group>"; };
		6758A84124A4A9D300950415 /* CalculatorLayout1.swift */ = {isa = PBXFileReference; lastKnownFileType = sourcecode.swift; path = CalculatorLayout1.swift; sourceTree = "<group>"; };
		6758A84324A4A9D600950415 /* Assets.xcassets */ = {isa = PBXFileReference; lastKnownFileType = folder.assetcatalog; path = Assets.xcassets; sourceTree = "<group>"; };
		6758A84624A4A9D600950415 /* Preview Assets.xcassets */ = {isa = PBXFileReference; lastKnownFileType = folder.assetcatalog; path = "Preview Assets.xcassets"; sourceTree = "<group>"; };
		6758A84924A4A9D600950415 /* Base */ = {isa = PBXFileReference; lastKnownFileType = file.storyboard; name = Base; path = Base.lproj/LaunchScreen.storyboard; sourceTree = "<group>"; };
		6758A84B24A4A9D600950415 /* Info.plist */ = {isa = PBXFileReference; lastKnownFileType = text.plist.xml; path = Info.plist; sourceTree = "<group>"; };
		67E3ABA024A62009006778B5 /* CalculatorButtonView.swift */ = {isa = PBXFileReference; lastKnownFileType = sourcecode.swift; path = CalculatorButtonView.swift; sourceTree = "<group>"; };
		67E3ABA324A71622006778B5 /* CalculatorViewThemeable.swift */ = {isa = PBXFileReference; lastKnownFileType = sourcecode.swift; path = CalculatorViewThemeable.swift; sourceTree = "<group>"; };
		67E3ABA624A71A74006778B5 /* CalculatorViewTheme1.swift */ = {isa = PBXFileReference; lastKnownFileType = sourcecode.swift; path = CalculatorViewTheme1.swift; sourceTree = "<group>"; };
		67E3ABA824A726BA006778B5 /* CalculatorViewTheme2.swift */ = {isa = PBXFileReference; lastKnownFileType = sourcecode.swift; path = CalculatorViewTheme2.swift; sourceTree = "<group>"; };
		67E3ABAB24A7289C006778B5 /* CalculatorButtonViewThemeable.swift */ = {isa = PBXFileReference; lastKnownFileType = sourcecode.swift; path = CalculatorButtonViewThemeable.swift; sourceTree = "<group>"; };
		67E3ABAD24A72B2A006778B5 /* CalculatorButtonTheme1.swift */ = {isa = PBXFileReference; lastKnownFileType = sourcecode.swift; path = CalculatorButtonTheme1.swift; sourceTree = "<group>"; };
		67E3ABAF24A72E06006778B5 /* CalculatorButtonTheme2.swift */ = {isa = PBXFileReference; lastKnownFileType = sourcecode.swift; path = CalculatorButtonTheme2.swift; sourceTree = "<group>"; };
		67E3ABB424A863DF006778B5 /* MasterCalculatorView.swift */ = {isa = PBXFileReference; lastKnownFileType = sourcecode.swift; path = MasterCalculatorView.swift; sourceTree = "<group>"; };
		67E3ABB624A86E69006778B5 /* CalculatorViewTheme3.swift */ = {isa = PBXFileReference; lastKnownFileType = sourcecode.swift; path = CalculatorViewTheme3.swift; sourceTree = "<group>"; };
		67E3ABB824A87291006778B5 /* CalculatorLayout2.swift */ = {isa = PBXFileReference; lastKnownFileType = sourcecode.swift; path = CalculatorLayout2.swift; sourceTree = "<group>"; };
		67E3ABBA24A8731D006778B5 /* CalculatorLayoutable.swift */ = {isa = PBXFileReference; lastKnownFileType = sourcecode.swift; path = CalculatorLayoutable.swift; sourceTree = "<group>"; };
		67E3ABBD24A87729006778B5 /* Color.swift */ = {isa = PBXFileReference; lastKnownFileType = sourcecode.swift; path = Color.swift; sourceTree = "<group>"; };
/* End PBXFileReference section */

/* Begin PBXFrameworksBuildPhase section */
		6758A83724A4A9D300950415 /* Frameworks */ = {
			isa = PBXFrameworksBuildPhase;
			buildActionMask = 2147483647;
			files = (
			);
			runOnlyForDeploymentPostprocessing = 0;
		};
/* End PBXFrameworksBuildPhase section */

/* Begin PBXGroup section */
		6758A83124A4A9D300950415 = {
			isa = PBXGroup;
			children = (
				6758A83C24A4A9D300950415 /* Calculator */,
				6758A83B24A4A9D300950415 /* Products */,
			);
			sourceTree = "<group>";
		};
		6758A83B24A4A9D300950415 /* Products */ = {
			isa = PBXGroup;
			children = (
				6758A83A24A4A9D300950415 /* Calculator.app */,
			);
			name = Products;
			sourceTree = "<group>";
		};
		6758A83C24A4A9D300950415 /* Calculator */ = {
			isa = PBXGroup;
			children = (
				67E3ABBC24A87717006778B5 /* Extensions */,
				67E3ABB124A79063006778B5 /* ViewModels */,
				67E3ABA224A715F2006778B5 /* Protocols */,
				6758A85224A4AA2600950415 /* Views */,
				6758A85124A4A9EF00950415 /* Supporting Files */,
				6758A84524A4A9D600950415 /* Preview Content */,
			);
			path = Calculator;
			sourceTree = "<group>";
		};
		6758A84524A4A9D600950415 /* Preview Content */ = {
			isa = PBXGroup;
			children = (
				6758A84624A4A9D600950415 /* Preview Assets.xcassets */,
			);
			path = "Preview Content";
			sourceTree = "<group>";
		};
		6758A85124A4A9EF00950415 /* Supporting Files */ = {
			isa = PBXGroup;
			children = (
				6758A83D24A4A9D300950415 /* AppDelegate.swift */,
				6758A83F24A4A9D300950415 /* SceneDelegate.swift */,
				6758A84324A4A9D600950415 /* Assets.xcassets */,
				6758A84824A4A9D600950415 /* LaunchScreen.storyboard */,
				6758A84B24A4A9D600950415 /* Info.plist */,
			);
			path = "Supporting Files";
			sourceTree = "<group>";
		};
		6758A85224A4AA2600950415 /* Views */ = {
			isa = PBXGroup;
			children = (
				67E3ABAA24A7279F006778B5 /* CalculatorButtonView */,
				67E3ABA524A71A0E006778B5 /* CalculatorView */,
				67E3ABB424A863DF006778B5 /* MasterCalculatorView.swift */,
			);
			path = Views;
			sourceTree = "<group>";
		};
		67E3ABA224A715F2006778B5 /* Protocols */ = {
			isa = PBXGroup;
			children = (
				67E3ABA324A71622006778B5 /* CalculatorViewThemeable.swift */,
				67E3ABAB24A7289C006778B5 /* CalculatorButtonViewThemeable.swift */,
				67E3ABBA24A8731D006778B5 /* CalculatorLayoutable.swift */,
			);
			path = Protocols;
			sourceTree = "<group>";
		};
		67E3ABA524A71A0E006778B5 /* CalculatorView */ = {
			isa = PBXGroup;
			children = (
				6758A84124A4A9D300950415 /* CalculatorLayout1.swift */,
				67E3ABB824A87291006778B5 /* CalculatorLayout2.swift */,
				67E3ABA624A71A74006778B5 /* CalculatorViewTheme1.swift */,
				67E3ABA824A726BA006778B5 /* CalculatorViewTheme2.swift */,
				67E3ABB624A86E69006778B5 /* CalculatorViewTheme3.swift */,
			);
			path = CalculatorView;
			sourceTree = "<group>";
		};
		67E3ABAA24A7279F006778B5 /* CalculatorButtonView */ = {
			isa = PBXGroup;
			children = (
				67E3ABA024A62009006778B5 /* CalculatorButtonView.swift */,
				67E3ABAD24A72B2A006778B5 /* CalculatorButtonTheme1.swift */,
				67E3ABAF24A72E06006778B5 /* CalculatorButtonTheme2.swift */,
			);
			path = CalculatorButtonView;
			sourceTree = "<group>";
		};
		67E3ABB124A79063006778B5 /* ViewModels */ = {
			isa = PBXGroup;
			children = (
			);
			path = ViewModels;
			sourceTree = "<group>";
		};
		67E3ABBC24A87717006778B5 /* Extensions */ = {
			isa = PBXGroup;
			children = (
				67E3ABBD24A87729006778B5 /* Color.swift */,
			);
			path = Extensions;
			sourceTree = "<group>";
		};
/* End PBXGroup section */

/* Begin PBXNativeTarget section */
		6758A83924A4A9D300950415 /* Calculator */ = {
			isa = PBXNativeTarget;
			buildConfigurationList = 6758A84E24A4A9D600950415 /* Build configuration list for PBXNativeTarget "Calculator" */;
			buildPhases = (
				6758A83624A4A9D300950415 /* Sources */,
				6758A83724A4A9D300950415 /* Frameworks */,
				6758A83824A4A9D300950415 /* Resources */,
			);
			buildRules = (
			);
			dependencies = (
			);
			name = Calculator;
			productName = Calculator;
			productReference = 6758A83A24A4A9D300950415 /* Calculator.app */;
			productType = "com.apple.product-type.application";
		};
/* End PBXNativeTarget section */

/* Begin PBXProject section */
		6758A83224A4A9D300950415 /* Project object */ = {
			isa = PBXProject;
			attributes = {
				LastSwiftUpdateCheck = 1110;
				LastUpgradeCheck = 1110;
				ORGANIZATIONNAME = "Vignesh J";
				TargetAttributes = {
					6758A83924A4A9D300950415 = {
						CreatedOnToolsVersion = 11.1;
					};
				};
			};
			buildConfigurationList = 6758A83524A4A9D300950415 /* Build configuration list for PBXProject "Calculator" */;
			compatibilityVersion = "Xcode 9.3";
			developmentRegion = en;
			hasScannedForEncodings = 0;
			knownRegions = (
				en,
				Base,
			);
			mainGroup = 6758A83124A4A9D300950415;
			productRefGroup = 6758A83B24A4A9D300950415 /* Products */;
			projectDirPath = "";
			projectRoot = "";
			targets = (
				6758A83924A4A9D300950415 /* Calculator */,
			);
		};
/* End PBXProject section */

/* Begin PBXResourcesBuildPhase section */
		6758A83824A4A9D300950415 /* Resources */ = {
			isa = PBXResourcesBuildPhase;
			buildActionMask = 2147483647;
			files = (
				6758A84A24A4A9D600950415 /* LaunchScreen.storyboard in Resources */,
				6758A84724A4A9D600950415 /* Preview Assets.xcassets in Resources */,
				6758A84424A4A9D600950415 /* Assets.xcassets in Resources */,
			);
			runOnlyForDeploymentPostprocessing = 0;
		};
/* End PBXResourcesBuildPhase section */

/* Begin PBXSourcesBuildPhase section */
		6758A83624A4A9D300950415 /* Sources */ = {
			isa = PBXSourcesBuildPhase;
			buildActionMask = 2147483647;
			files = (
				67E3ABAE24A72B2A006778B5 /* CalculatorButtonTheme1.swift in Sources */,
				6758A83E24A4A9D300950415 /* AppDelegate.swift in Sources */,
				67E3ABB524A863DF006778B5 /* MasterCalculatorView.swift in Sources */,
				67E3ABBB24A8731D006778B5 /* CalculatorLayoutable.swift in Sources */,
				67E3ABB024A72E06006778B5 /* CalculatorButtonTheme2.swift in Sources */,
				67E3ABB724A86E69006778B5 /* CalculatorViewTheme3.swift in Sources */,
				67E3ABA924A726BA006778B5 /* CalculatorViewTheme2.swift in Sources */,
				6758A84024A4A9D300950415 /* SceneDelegate.swift in Sources */,
				67E3ABBE24A87729006778B5 /* Color.swift in Sources */,
				67E3ABA124A62009006778B5 /* CalculatorButtonView.swift in Sources */,
				67E3ABB924A87291006778B5 /* CalculatorLayout2.swift in Sources */,
				6758A84224A4A9D300950415 /* CalculatorLayout1.swift in Sources */,
				67E3ABA724A71A74006778B5 /* CalculatorViewTheme1.swift in Sources */,
				67E3ABAC24A7289C006778B5 /* CalculatorButtonViewThemeable.swift in Sources */,
				67E3ABA424A71622006778B5 /* CalculatorViewThemeable.swift in Sources */,
			);
			runOnlyForDeploymentPostprocessing = 0;
		};
/* End PBXSourcesBuildPhase section */

/* Begin PBXVariantGroup section */
		6758A84824A4A9D600950415 /* LaunchScreen.storyboard */ = {
			isa = PBXVariantGroup;
			children = (
				6758A84924A4A9D600950415 /* Base */,
			);
			name = LaunchScreen.storyboard;
			sourceTree = "<group>";
		};
/* End PBXVariantGroup section */

/* Begin XCBuildConfiguration section */
		6758A84C24A4A9D600950415 /* Debug */ = {
			isa = XCBuildConfiguration;
			buildSettings = {
				ALWAYS_SEARCH_USER_PATHS = NO;
				CLANG_ANALYZER_NONNULL = YES;
				CLANG_ANALYZER_NUMBER_OBJECT_CONVERSION = YES_AGGRESSIVE;
				CLANG_CXX_LANGUAGE_STANDARD = "gnu++14";
				CLANG_CXX_LIBRARY = "libc++";
				CLANG_ENABLE_MODULES = YES;
				CLANG_ENABLE_OBJC_ARC = YES;
				CLANG_ENABLE_OBJC_WEAK = YES;
				CLANG_WARN_BLOCK_CAPTURE_AUTORELEASING = YES;
				CLANG_WARN_BOOL_CONVERSION = YES;
				CLANG_WARN_COMMA = YES;
				CLANG_WARN_CONSTANT_CONVERSION = YES;
				CLANG_WARN_DEPRECATED_OBJC_IMPLEMENTATIONS = YES;
				CLANG_WARN_DIRECT_OBJC_ISA_USAGE = YES_ERROR;
				CLANG_WARN_DOCUMENTATION_COMMENTS = YES;
				CLANG_WARN_EMPTY_BODY = YES;
				CLANG_WARN_ENUM_CONVERSION = YES;
				CLANG_WARN_INFINITE_RECURSION = YES;
				CLANG_WARN_INT_CONVERSION = YES;
				CLANG_WARN_NON_LITERAL_NULL_CONVERSION = YES;
				CLANG_WARN_OBJC_IMPLICIT_RETAIN_SELF = YES;
				CLANG_WARN_OBJC_LITERAL_CONVERSION = YES;
				CLANG_WARN_OBJC_ROOT_CLASS = YES_ERROR;
				CLANG_WARN_RANGE_LOOP_ANALYSIS = YES;
				CLANG_WARN_STRICT_PROTOTYPES = YES;
				CLANG_WARN_SUSPICIOUS_MOVE = YES;
				CLANG_WARN_UNGUARDED_AVAILABILITY = YES_AGGRESSIVE;
				CLANG_WARN_UNREACHABLE_CODE = YES;
				CLANG_WARN__DUPLICATE_METHOD_MATCH = YES;
				COPY_PHASE_STRIP = NO;
				DEBUG_INFORMATION_FORMAT = dwarf;
				ENABLE_STRICT_OBJC_MSGSEND = YES;
				ENABLE_TESTABILITY = YES;
				GCC_C_LANGUAGE_STANDARD = gnu11;
				GCC_DYNAMIC_NO_PIC = NO;
				GCC_NO_COMMON_BLOCKS = YES;
				GCC_OPTIMIZATION_LEVEL = 0;
				GCC_PREPROCESSOR_DEFINITIONS = (
					"DEBUG=1",
					"$(inherited)",
				);
				GCC_WARN_64_TO_32_BIT_CONVERSION = YES;
				GCC_WARN_ABOUT_RETURN_TYPE = YES_ERROR;
				GCC_WARN_UNDECLARED_SELECTOR = YES;
				GCC_WARN_UNINITIALIZED_AUTOS = YES_AGGRESSIVE;
				GCC_WARN_UNUSED_FUNCTION = YES;
				GCC_WARN_UNUSED_VARIABLE = YES;
				IPHONEOS_DEPLOYMENT_TARGET = 13.1;
				MTL_ENABLE_DEBUG_INFO = INCLUDE_SOURCE;
				MTL_FAST_MATH = YES;
				ONLY_ACTIVE_ARCH = YES;
				SDKROOT = iphoneos;
				SWIFT_ACTIVE_COMPILATION_CONDITIONS = DEBUG;
				SWIFT_OPTIMIZATION_LEVEL = "-Onone";
			};
			name = Debug;
		};
		6758A84D24A4A9D600950415 /* Release */ = {
			isa = XCBuildConfiguration;
			buildSettings = {
				ALWAYS_SEARCH_USER_PATHS = NO;
				CLANG_ANALYZER_NONNULL = YES;
				CLANG_ANALYZER_NUMBER_OBJECT_CONVERSION = YES_AGGRESSIVE;
				CLANG_CXX_LANGUAGE_STANDARD = "gnu++14";
				CLANG_CXX_LIBRARY = "libc++";
				CLANG_ENABLE_MODULES = YES;
				CLANG_ENABLE_OBJC_ARC = YES;
				CLANG_ENABLE_OBJC_WEAK = YES;
				CLANG_WARN_BLOCK_CAPTURE_AUTORELEASING = YES;
				CLANG_WARN_BOOL_CONVERSION = YES;
				CLANG_WARN_COMMA = YES;
				CLANG_WARN_CONSTANT_CONVERSION = YES;
				CLANG_WARN_DEPRECATED_OBJC_IMPLEMENTATIONS = YES;
				CLANG_WARN_DIRECT_OBJC_ISA_USAGE = YES_ERROR;
				CLANG_WARN_DOCUMENTATION_COMMENTS = YES;
				CLANG_WARN_EMPTY_BODY = YES;
				CLANG_WARN_ENUM_CONVERSION = YES;
				CLANG_WARN_INFINITE_RECURSION = YES;
				CLANG_WARN_INT_CONVERSION = YES;
				CLANG_WARN_NON_LITERAL_NULL_CONVERSION = YES;
				CLANG_WARN_OBJC_IMPLICIT_RETAIN_SELF = YES;
				CLANG_WARN_OBJC_LITERAL_CONVERSION = YES;
				CLANG_WARN_OBJC_ROOT_CLASS = YES_ERROR;
				CLANG_WARN_RANGE_LOOP_ANALYSIS = YES;
				CLANG_WARN_STRICT_PROTOTYPES = YES;
				CLANG_WARN_SUSPICIOUS_MOVE = YES;
				CLANG_WARN_UNGUARDED_AVAILABILITY = YES_AGGRESSIVE;
				CLANG_WARN_UNREACHABLE_CODE = YES;
				CLANG_WARN__DUPLICATE_METHOD_MATCH = YES;
				COPY_PHASE_STRIP = NO;
				DEBUG_INFORMATION_FORMAT = "dwarf-with-dsym";
				ENABLE_NS_ASSERTIONS = NO;
				ENABLE_STRICT_OBJC_MSGSEND = YES;
				GCC_C_LANGUAGE_STANDARD = gnu11;
				GCC_NO_COMMON_BLOCKS = YES;
				GCC_WARN_64_TO_32_BIT_CONVERSION = YES;
				GCC_WARN_ABOUT_RETURN_TYPE = YES_ERROR;
				GCC_WARN_UNDECLARED_SELECTOR = YES;
				GCC_WARN_UNINITIALIZED_AUTOS = YES_AGGRESSIVE;
				GCC_WARN_UNUSED_FUNCTION = YES;
				GCC_WARN_UNUSED_VARIABLE = YES;
				IPHONEOS_DEPLOYMENT_TARGET = 13.1;
				MTL_ENABLE_DEBUG_INFO = NO;
				MTL_FAST_MATH = YES;
				SDKROOT = iphoneos;
				SWIFT_COMPILATION_MODE = wholemodule;
				SWIFT_OPTIMIZATION_LEVEL = "-O";
				VALIDATE_PRODUCT = YES;
			};
			name = Release;
		};
		6758A84F24A4A9D600950415 /* Debug */ = {
			isa = XCBuildConfiguration;
			buildSettings = {
				ASSETCATALOG_COMPILER_APPICON_NAME = AppIcon;
				CODE_SIGN_STYLE = Automatic;
				DEVELOPMENT_ASSET_PATHS = "\"Calculator/Preview Content\"";
				DEVELOPMENT_TEAM = 22A4RH2V22;
				ENABLE_PREVIEWS = YES;
				INFOPLIST_FILE = "Calculator/Supporting Files/Info.plist";
				LD_RUNPATH_SEARCH_PATHS = (
					"$(inherited)",
					"@executable_path/Frameworks",
				);
				PRODUCT_BUNDLE_IDENTIFIER = com.vigneshjeyaraj.swiftui.Calculator;
				PRODUCT_NAME = "$(TARGET_NAME)";
				SWIFT_VERSION = 5.0;
				TARGETED_DEVICE_FAMILY = "1,2";
			};
			name = Debug;
		};
		6758A85024A4A9D600950415 /* Release */ = {
			isa = XCBuildConfiguration;
			buildSettings = {
				ASSETCATALOG_COMPILER_APPICON_NAME = AppIcon;
				CODE_SIGN_STYLE = Automatic;
				DEVELOPMENT_ASSET_PATHS = "\"Calculator/Preview Content\"";
				DEVELOPMENT_TEAM = 22A4RH2V22;
				ENABLE_PREVIEWS = YES;
				INFOPLIST_FILE = "Calculator/Supporting Files/Info.plist";
				LD_RUNPATH_SEARCH_PATHS = (
					"$(inherited)",
					"@executable_path/Frameworks",
				);
				PRODUCT_BUNDLE_IDENTIFIER = com.vigneshjeyaraj.swiftui.Calculator;
				PRODUCT_NAME = "$(TARGET_NAME)";
				SWIFT_VERSION = 5.0;
				TARGETED_DEVICE_FAMILY = "1,2";
			};
			name = Release;
		};
/* End XCBuildConfiguration section */

/* Begin XCConfigurationList section */
		6758A83524A4A9D300950415 /* Build configuration list for PBXProject "Calculator" */ = {
			isa = XCConfigurationList;
			buildConfigurations = (
				6758A84C24A4A9D600950415 /* Debug */,
				6758A84D24A4A9D600950415 /* Release */,
			);
			defaultConfigurationIsVisible = 0;
			defaultConfigurationName = Release;
		};
		6758A84E24A4A9D600950415 /* Build configuration list for PBXNativeTarget "Calculator" */ = {
			isa = XCConfigurationList;
			buildConfigurations = (
				6758A84F24A4A9D600950415 /* Debug */,
				6758A85024A4A9D600950415 /* Release */,
			);
			defaultConfigurationIsVisible = 0;
			defaultConfigurationName = Release;
		};
/* End XCConfigurationList section */
	};
	rootObject = 6758A83224A4A9D300950415 /* Project object */;
}
